<?xml version="1.0" encoding="utf-8"?>
<Project ToolsVersion="4.0" xmlns="http://schemas.microsoft.com/developer/msbuild/2003">
  <ItemGroup>
    <Filter Include="Common">
      <UniqueIdentifier>0d070030-beb5-4f48-99a0-b1777297a468</UniqueIdentifier>
    </Filter>
    <Filter Include="UWPHelpers">
      <UniqueIdentifier>8d1bdedf-c546-4b7a-8aa7-e490c4e8ad60</UniqueIdentifier>
    </Filter>
    <Filter Include="Audio">
      <UniqueIdentifier>68b36d2a-4f4a-48a5-8b8f-cb15af108c93</UniqueIdentifier>
    </Filter>
    <Filter Include="Input">
      <UniqueIdentifier>5964c8ad-590e-4b46-84f2-067602f4f231</UniqueIdentifier>
    </Filter>
    <Filter Include="Assets">
      <UniqueIdentifier>a5564d79-b131-4b27-9f5f-d80671731d94</UniqueIdentifier>
    </Filter>
    <ClInclude Include="UWPHelpers\PPSSPPTypesHelpers.h">
      <Filter>UWPHelpers</Filter>
    </ClInclude>
    <ClInclude Include="UWPHelpers\StorageAccess.h">
      <Filter>UWPHelpers</Filter>
    </ClInclude>
    <ClInclude Include="UWPHelpers\StorageAsync.h">
      <Filter>UWPHelpers</Filter>
    </ClInclude>
    <ClInclude Include="UWPHelpers\StorageConfig.h">
      <Filter>UWPHelpers</Filter>
    </ClInclude>
    <ClInclude Include="UWPHelpers\StorageExtensions.h">
      <Filter>UWPHelpers</Filter>
    </ClInclude>
    <ClInclude Include="UWPHelpers\StorageFileW.h">
      <Filter>UWPHelpers</Filter>
    </ClInclude>
    <ClInclude Include="UWPHelpers\StorageFolderW.h">
      <Filter>UWPHelpers</Filter>
    </ClInclude>
    <ClInclude Include="UWPHelpers\StorageHandler.h">
      <Filter>UWPHelpers</Filter>
    </ClInclude>
    <ClInclude Include="UWPHelpers\StorageInfo.h">
      <Filter>UWPHelpers</Filter>
    </ClInclude>
    <ClInclude Include="UWPHelpers\StorageItemW.h">
      <Filter>UWPHelpers</Filter>
    </ClInclude>
    <ClInclude Include="UWPHelpers\StorageLog.h">
      <Filter>UWPHelpers</Filter>
    </ClInclude>
    <ClInclude Include="UWPHelpers\StorageManager.h">
      <Filter>UWPHelpers</Filter>
    </ClInclude>
    <ClInclude Include="UWPHelpers\StoragePath.h">
      <Filter>UWPHelpers</Filter>
    </ClInclude>
    <ClInclude Include="UWPHelpers\StoragePickers.h">
      <Filter>UWPHelpers</Filter>
    </ClInclude>
    <ClInclude Include="UWPHelpers\UWP2C.h">
      <Filter>UWPHelpers</Filter>
    </ClInclude>
    <ClCompile Include="UWPHelpers\PPSSPPTypesHelpers.cpp">
      <Filter>UWPHelpers</Filter>
    </ClCompile>
    <ClCompile Include="UWPHelpers\StorageAccess.cpp">
      <Filter>UWPHelpers</Filter>
    </ClCompile>
    <ClCompile Include="UWPHelpers\StorageAsync.cpp">
      <Filter>UWPHelpers</Filter>
    </ClCompile>
    <ClCompile Include="UWPHelpers\StorageExtensions.cpp">
      <Filter>UWPHelpers</Filter>
    </ClCompile>
    <ClCompile Include="UWPHelpers\StorageHandler.cpp">
      <Filter>UWPHelpers</Filter>
    </ClCompile>
    <ClCompile Include="UWPHelpers\StorageManager.cpp">
      <Filter>UWPHelpers</Filter>
    </ClCompile>
    <ClCompile Include="UWPHelpers\StoragePath.cpp">
      <Filter>UWPHelpers</Filter>
    </ClCompile>
    <ClCompile Include="UWPHelpers\StoragePickers.cpp">
      <Filter>UWPHelpers</Filter>
    </ClCompile>
    <ClCompile Include="UWPHelpers\UWP2C.cpp">
      <Filter>UWPHelpers</Filter>
    </ClCompile>
    <ClInclude Include="Common\DirectXHelper.h">
      <Filter>Common</Filter>
    </ClInclude>
    <ClInclude Include="Common\DeviceResources.h">
      <Filter>Common</Filter>
    </ClInclude>
    <ClCompile Include="Common\DeviceResources.cpp">
      <Filter>Common</Filter>
    </ClCompile>
    <Image Include="Assets\LockScreenLogo.scale-200.png">
      <Filter>Assets</Filter>
    </Image>
    <Image Include="Assets\SplashScreen.scale-200.png">
      <Filter>Assets</Filter>
    </Image>
    <Image Include="Assets\Square150x150Logo.scale-200.png">
      <Filter>Assets</Filter>
    </Image>
    <Image Include="Assets\Square44x44Logo.scale-200.png">
      <Filter>Assets</Filter>
    </Image>
    <Image Include="Assets\Square44x44Logo.targetsize-24_altform-unplated.png">
      <Filter>Assets</Filter>
    </Image>
    <Image Include="Assets\Wide310x150Logo.scale-200.png">
      <Filter>Assets</Filter>
    </Image>
    <Filter Include="Content">
      <UniqueIdentifier>{ef87b390-608f-4c6d-a0ad-88963875ed11}</UniqueIdentifier>
    </Filter>
  </ItemGroup>
  <ItemGroup>
    <ClCompile Include="App.cpp" />
    <ClCompile Include="pch.cpp" />
    <ClCompile Include="..\git-version.cpp" />
    <ClCompile Include="XAudioSoundStream.cpp">
      <Filter>Audio</Filter>
    </ClCompile>
    <ClCompile Include="PPSSPP_UWPMain.cpp" />
    <ClCompile Include="NKCodeFromWindowsSystem.cpp" />
    <ClCompile Include="..\Windows\XinputDevice.cpp">
      <Filter>Input</Filter>
    </ClCompile>
    <ClCompile Include="..\Windows\InputDevice.cpp">
      <Filter>Input</Filter>
    </ClCompile>
    <ClCompile Include="UWPHelpers\LaunchItem.h">
      <Filter>UWPHelpers</Filter>
    </ClCompile>
    <ClCompile Include="UWPHelpers\UIHelpers.cpp">
      <Filter>UWPHelpers</Filter>
    </ClCompile>
    <ClCompile Include="UWPHelpers\LaunchItem.cpp">
      <Filter>UWPHelpers</Filter>
    </ClCompile>
  </ItemGroup>
  <ItemGroup>
    <ClInclude Include="App.h" />
    <ClInclude Include="pch.h" />
    <ClInclude Include="..\ppsspp_config.h" />
    <ClInclude Include="XAudioSoundStream.h">
      <Filter>Audio</Filter>
    </ClInclude>
    <ClInclude Include="PPSSPP_UWPMain.h" />
    <ClInclude Include="NKCodeFromWindowsSystem.h">
      <Filter>Input</Filter>
    </ClInclude>
    <ClInclude Include="..\Windows\XinputDevice.h">
      <Filter>Input</Filter>
    </ClInclude>
    <ClInclude Include="UWPUtil.h" />
    <ClInclude Include="..\Windows\InputDevice.h">
      <Filter>Input</Filter>
    </ClInclude>
    <ClInclude Include="UWPHelpers\UIHelpers.h">
      <Filter>UWPHelpers</Filter>
    </ClInclude>
    <ClInclude Include="UWPHelpers\StorageWin32.h">
      <Filter>UWPHelpers</Filter>
    </ClInclude>
  </ItemGroup>
  <ItemGroup>
    <AppxManifest Include="Package.appxmanifest" />
  </ItemGroup>
  <ItemGroup>
    <Image Include="AssetsGold\StoreLogo.scale-100.png" />
    <Image Include="Assets\StoreLogo.png" />
  </ItemGroup>
  <ItemGroup>
    <None Include="Content\**\*.*" />
    <None Include="Content\**\*.*" />
    <None Include="Content\**\*.*" />
    <None Include="Content\**\*.*" />
    <None Include="Content\**\*.*" />
    <None Include="Content\**\*.*" />
    <None Include="Content\**\*.*" />
    <None Include="Content\**\*.*" />
    <None Include="Content\**\*.*" />
    <None Include="Content\**\*.*" />
    <None Include="Content\**\*.*" />
    <None Include="Content\**\*.*" />
    <None Include="Content\**\*.*" />
    <None Include="Content\**\*.*" />
    <None Include="Content\**\*.*" />
    <None Include="Content\**\*.*" />
    <None Include="Content\**\*.*" />
    <None Include="Content\**\*.*" />
    <None Include="Content\**\*.*" />
    <None Include="Content\**\*.*" />
    <None Include="Content\**\*.*" />
    <None Include="Content\**\*.*" />
    <None Include="Content\**\*.*" />
    <None Include="Content\**\*.*" />
    <None Include="Content\**\*.*" />
    <None Include="Content\**\*.*" />
    <None Include="Content\**\*.*" />
    <None Include="Content\**\*.*" />
    <None Include="Content\**\*.*" />
    <None Include="Content\**\*.*" />
    <None Include="Content\**\*.*" />
    <None Include="Content\**\*.*" />
    <None Include="Content\**\*.*" />
    <None Include="Content\**\*.*" />
    <None Include="Content\**\*.*" />
    <None Include="Content\**\*.*" />
    <None Include="Content\**\*.*" />
    <None Include="Content\**\*.*" />
    <None Include="Content\**\*.*" />
    <None Include="Content\**\*.*" />
    <None Include="Content\**\*.*" />
    <None Include="Content\**\*.*" />
    <None Include="Content\**\*.*" />
    <None Include="Content\**\*.*" />
    <None Include="Content\**\*.*" />
    <None Include="Content\**\*.*" />
    <None Include="Content\**\*.*" />
    <None Include="Content\**\*.*" />
    <None Include="Content\**\*.*" />
    <None Include="Content\**\*.*" />
    <None Include="Content\**\*.*" />
    <None Include="Content\**\*.*" />
    <None Include="Content\**\*.*" />
    <None Include="Content\**\*.*" />
    <None Include="Content\**\*.*" />
    <None Include="Content\**\*.*" />
    <None Include="Content\**\*.*" />
    <None Include="Content\**\*.*" />
    <None Include="Content\**\*.*" />
    <None Include="Content\**\*.*" />
    <None Include="Content\**\*.*" />
    <None Include="Content\**\*.*" />
    <None Include="Content\**\*.*" />
    <None Include="Content\**\*.*" />
    <None Include="Content\**\*.*" />
    <None Include="Content\**\*.*" />
    <None Include="Content\**\*.*" />
    <None Include="Content\**\*.*" />
    <None Include="Content\**\*.*" />
    <None Include="Content\**\*.*" />
    <None Include="Content\**\*.*" />
    <None Include="Content\**\*.*" />
    <None Include="Content\**\*.*" />
    <None Include="Content\**\*.*" />
    <None Include="Content\**\*.*" />
    <None Include="Content\**\*.*" />
    <None Include="Content\**\*.*" />
    <None Include="Content\**\*.*" />
    <None Include="Content\**\*.*" />
    <None Include="Content\**\*.*" />
    <None Include="Content\**\*.*" />
    <None Include="Content\**\*.*" />
    <None Include="Content\**\*.*" />
    <None Include="Content\**\*.*" />
    <None Include="Content\**\*.*" />
    <None Include="Content\**\*.*" />
    <None Include="Content\**\*.*" />
    <None Include="Content\**\*.*" />
    <None Include="Content\**\*.*" />
    <None Include="Content\**\*.*" />
    <None Include="Content\**\*.*" />
    <None Include="Content\**\*.*" />
    <None Include="Content\**\*.*" />
    <None Include="Content\**\*.*" />
    <None Include="Content\**\*.*" />
    <None Include="Content\**\*.*" />
    <None Include="Content\**\*.*" />
    <None Include="Content\**\*.*" />
    <None Include="Content\**\*.*" />
    <None Include="Content\**\*.*" />
    <None Include="Content\**\*.*" />
    <None Include="Content\**\*.*" />
    <None Include="Content\**\*.*" />
    <None Include="Content\**\*.*" />
    <None Include="Content\**\*.*" />
    <None Include="Content\**\*.*" />
    <None Include="Content\**\*.*" />
    <None Include="Content\**\*.*" />
    <None Include="Content\**\*.*" />
    <None Include="Content\**\*.*" />
    <None Include="Content\**\*.*" />
    <None Include="Content\**\*.*" />
    <None Include="Content\**\*.*" />
    <None Include="Content\**\*.*" />
    <None Include="Content\**\*.*" />
    <None Include="Content\**\*.*" />
    <None Include="Content\**\*.*" />
    <None Include="Content\**\*.*" />
    <None Include="Content\**\*.*" />
    <None Include="Content\**\*.*" />
    <None Include="Content\**\*.*" />
    <None Include="Content\**\*.*" />
    <None Include="Content\**\*.*" />
    <None Include="Content\**\*.*" />
    <None Include="Content\**\*.*" />
    <None Include="Content\**\*.*" />
    <None Include="Content\**\*.*" />
    <None Include="Content\**\*.*" />
    <None Include="Content\**\*.*" />
    <None Include="Content\**\*.*" />
    <None Include="Content\**\*.*" />
    <None Include="Content\**\*.*" />
    <None Include="Content\**\*.*" />
    <None Include="Content\**\*.*" />
    <None Include="Content\**\*.*" />
    <None Include="Content\**\*.*" />
    <None Include="Content\**\*.*" />
    <None Include="Content\**\*.*" />
    <None Include="Content\**\*.*" />
    <None Include="Content\**\*.*" />
    <None Include="Content\**\*.*" />
    <None Include="Content\**\*.*" />
    <None Include="Content\**\*.*" />
    <None Include="Content\**\*.*" />
    <None Include="Content\**\*.*" />
    <None Include="Content\**\*.*" />
    <None Include="Content\**\*.*" />
    <None Include="Content\**\*.*" />
    <None Include="Content\**\*.*" />
    <None Include="Content\**\*.*" />
    <None Include="Content\**\*.*" />
    <None Include="Content\**\*.*" />
    <None Include="PPSSPP_UWP_TemporaryKey.pfx" />
    <None Include="Content\**\*.*" />
    <None Include="Content\**\*.*" />
    <None Include="Content\**\*.*" />
    <None Include="Content\**\*.*" />
    <None Include="Content\**\*.*" />
    <None Include="Content\**\*.*" />
    <None Include="Content\**\*.*" />
    <None Include="Content\**\*.*" />
    <None Include="Content\**\*.*" />
    <None Include="Content\**\*.*" />
    <None Include="Content\**\*.*" />
    <None Include="Content\**\*.*" />
    <None Include="Content\**\*.*" />
    <None Include="Content\**\*.*" />
    <None Include="Content\**\*.*" />
    <None Include="Content\**\*.*" />
    <None Include="Content\**\*.*" />
    <None Include="Content\**\*.*" />
    <None Include="Content\**\*.*" />
    <None Include="Content\**\*.*" />
    <None Include="Content\**\*.*" />
    <None Include="Content\**\*.*" />
    <None Include="Content\**\*.*" />
    <None Include="Content\**\*.*" />
    <None Include="Content\**\*.*" />
    <None Include="Content\**\*.*" />
    <None Include="Content\**\*.*" />
    <None Include="Content\**\*.*" />
    <None Include="Content\**\*.*" />
    <None Include="Content\**\*.*" />
    <None Include="Content\**\*.*" />
    <None Include="Content\**\*.*" />
    <None Include="Content\**\*.*" />
    <None Include="Content\**\*.*" />
    <None Include="Content\**\*.*" />
    <None Include="Content\**\*.*" />
    <None Include="Content\**\*.*" />
    <None Include="Content\**\*.*" />
    <None Include="Content\**\*.*" />
    <None Include="Content\**\*.*" />
    <None Include="Content\**\*.*" />
    <None Include="Content\**\*.*" />
    <None Include="Content\**\*.*" />
    <None Include="Content\**\*.*" />
    <None Include="Content\**\*.*" />
    <None Include="Content\**\*.*" />
    <None Include="Content\**\*.*" />
    <None Include="Content\**\*.*" />
    <None Include="Content\**\*.*" />
    <None Include="Content\**\*.*" />
    <None Include="Content\**\*.*" />
    <None Include="Content\**\*.*" />
    <None Include="Content\**\*.*" />
    <None Include="Content\**\*.*" />
    <None Include="Content\**\*.*" />
    <None Include="Content\**\*.*" />
    <None Include="Content\**\*.*" />
    <None Include="Content\**\*.*" />
    <None Include="Content\**\*.*" />
    <None Include="Content\**\*.*" />
    <None Include="Content\**\*.*" />
    <None Include="Content\**\*.*" />
    <None Include="Content\**\*.*" />
    <None Include="Content\**\*.*" />
    <None Include="Content\**\*.*" />
    <None Include="Content\**\*.*" />
    <None Include="Content\**\*.*" />
    <None Include="Content\**\*.*" />
    <None Include="Content\**\*.*" />
    <None Include="Content\**\*.*" />
    <None Include="Content\**\*.*" />
    <None Include="Content\**\*.*" />
    <None Include="Content\**\*.*" />
    <None Include="Content\**\*.*" />
    <None Include="Content\**\*.*" />
    <None Include="Content\**\*.*" />
    <None Include="Content\**\*.*" />
    <None Include="Content\**\*.*" />
    <None Include="Content\**\*.*" />
    <None Include="Content\**\*.*" />
    <None Include="Content\**\*.*" />
    <None Include="Content\**\*.*" />
    <None Include="Content\**\*.*" />
    <None Include="Content\**\*.*" />
    <None Include="Content\**\*.*" />
    <None Include="Content\**\*.*" />
    <None Include="Content\**\*.*" />
    <None Include="Content\**\*.*" />
    <None Include="Content\**\*.*" />
    <None Include="Content\**\*.*" />
    <None Include="Content\**\*.*" />
    <None Include="Content\**\*.*" />
    <None Include="Content\**\*.*" />
    <None Include="Content\**\*.*" />
    <None Include="Content\**\*.*" />
    <None Include="Content\**\*.*" />
    <None Include="Content\**\*.*" />
    <None Include="Content\**\*.*" />
    <None Include="Content\**\*.*" />
    <None Include="Content\**\*.*" />
    <None Include="Content\**\*.*" />
    <None Include="Content\**\*.*" />
    <None Include="Content\**\*.*" />
    <None Include="Content\**\*.*" />
    <None Include="Content\**\*.*" />
    <None Include="Content\**\*.*" />
    <None Include="Content\**\*.*" />
    <None Include="Content\**\*.*" />
    <None Include="Content\**\*.*" />
    <None Include="Content\**\*.*" />
    <None Include="Content\**\*.*" />
    <None Include="Content\**\*.*" />
    <None Include="Content\**\*.*" />
    <None Include="Content\**\*.*" />
    <None Include="Content\**\*.*" />
    <None Include="Content\**\*.*" />
    <None Include="Content\**\*.*" />
    <None Include="Content\**\*.*" />
    <None Include="Content\**\*.*" />
    <None Include="Content\**\*.*" />
    <None Include="Content\**\*.*" />
    <None Include="Content\**\*.*" />
    <None Include="Content\**\*.*" />
    <None Include="Content\**\*.*" />
    <None Include="Content\**\*.*" />
    <None Include="Content\**\*.*" />
    <None Include="Content\**\*.*" />
    <None Include="Content\**\*.*" />
    <None Include="Content\**\*.*" />
    <None Include="Content\**\*.*" />
    <None Include="Content\**\*.*" />
    <None Include="Content\**\*.*" />
    <None Include="Content\**\*.*" />
    <None Include="Content\**\*.*" />
    <None Include="Content\**\*.*" />
    <None Include="Content\**\*.*" />
    <None Include="Content\**\*.*" />
    <None Include="Content\**\*.*" />
    <None Include="Content\**\*.*" />
    <None Include="Content\**\*.*" />
    <None Include="Content\**\*.*" />
    <None Include="Content\**\*.*" />
    <None Include="Content\**\*.*" />
    <None Include="Content\**\*.*" />
    <None Include="Content\**\*.*" />
    <None Include="Content\**\*.*" />
    <None Include="Content\**\*.*" />
    <None Include="Content\**\*.*" />
    <None Include="Content\**\*.*" />
    <None Include="Content\**\*.*" />
    <None Include="Content\**\*.*" />
    <None Include="Content\**\*.*" />
    <None Include="Content\**\*.*" />
    <None Include="Content\**\*.*" />
    <None Include="Content\**\*.*" />
    <None Include="Content\**\*.*" />
    <None Include="Content\**\*.*" />
    <None Include="Content\**\*.*" />
    <None Include="Content\**\*.*" />
    <None Include="Content\**\*.*" />
    <None Include="Content\**\*.*" />
    <None Include="Content\**\*.*" />
    <None Include="Content\**\*.*" />
    <None Include="Content\**\*.*" />
    <None Include="Content\**\*.*" />
    <None Include="Content\**\*.*" />
    <None Include="Content\**\*.*" />
    <None Include="Content\**\*.*" />
    <None Include="Content\**\*.*" />
    <None Include="Content\**\*.*" />
    <None Include="Content\**\*.*" />
    <None Include="Content\**\*.*" />
    <None Include="Content\**\*.*" />
    <None Include="Content\**\*.*" />
    <None Include="Content\**\*.*" />
    <None Include="Content\**\*.*" />
    <None Include="Content\**\*.*" />
    <None Include="Content\**\*.*" />
    <None Include="Content\**\*.*" />
    <None Include="Content\**\*.*" />
    <None Include="Content\**\*.*" />
    <None Include="Content\**\*.*" />
    <None Include="Content\**\*.*" />
    <None Include="Content\**\*.*" />
    <None Include="Content\**\*.*" />
    <None Include="Content\**\*.*" />
    <None Include="Content\**\*.*" />
    <None Include="Content\**\*.*" />
    <None Include="Content\**\*.*" />
    <None Include="Content\**\*.*" />
    <None Include="Content\**\*.*" />
    <None Include="Content\**\*.*" />
    <None Include="Content\**\*.*" />
    <None Include="Content\**\*.*" />
    <None Include="Content\**\*.*" />
    <None Include="Content\**\*.*" />
    <None Include="Content\**\*.*" />
    <None Include="Content\**\*.*" />
    <None Include="Content\**\*.*" />
    <None Include="Content\**\*.*" />
    <None Include="Content\**\*.*" />
    <None Include="Content\**\*.*" />
    <None Include="Content\**\*.*" />
    <None Include="Content\**\*.*" />
    <None Include="Content\**\*.*" />
    <None Include="Content\**\*.*" />
    <None Include="Content\**\*.*" />
    <None Include="Content\**\*.*" />
    <None Include="Content\**\*.*" />
    <None Include="Content\**\*.*" />
    <None Include="Content\**\*.*" />
    <None Include="Content\**\*.*" />
    <None Include="Content\**\*.*" />
    <None Include="Content\**\*.*" />
    <None Include="Content\**\*.*" />
    <None Include="Content\**\*.*" />
    <None Include="Content\**\*.*" />
    <None Include="Content\**\*.*" />
    <None Include="Content\**\*.*" />
    <None Include="Content\**\*.*" />
    <None Include="Content\**\*.*" />
    <None Include="Content\**\*.*" />
    <None Include="Content\**\*.*" />
    <None Include="Content\**\*.*" />
    <None Include="Content\**\*.*" />
    <None Include="Content\**\*.*" />
    <None Include="Content\**\*.*" />
    <None Include="Content\**\*.*" />
    <None Include="Content\**\*.*" />
    <None Include="Content\**\*.*" />
    <None Include="Content\**\*.*" />
    <None Include="Content\**\*.*" />
    <None Include="Content\**\*.*" />
    <None Include="Content\**\*.*" />
    <None Include="Content\**\*.*" />
    <None Include="Content\**\*.*" />
    <None Include="Content\**\*.*" />
    <None Include="Content\**\*.*" />
    <None Include="Content\**\*.*" />
    <None Include="Content\**\*.*" />
    <None Include="Content\**\*.*" />
    <None Include="Content\**\*.*" />
    <None Include="Content\**\*.*" />
    <None Include="Content\**\*.*" />
    <None Include="Content\**\*.*" />
    <None Include="Content\**\*.*" />
    <None Include="Content\**\*.*" />
    <None Include="Content\**\*.*" />
    <None Include="Content\**\*.*" />
    <None Include="Content\**\*.*" />
    <None Include="Content\**\*.*" />
    <None Include="Content\**\*.*" />
    <None Include="Content\**\*.*" />
    <None Include="Content\**\*.*" />
    <None Include="Content\**\*.*" />
    <None Include="Content\**\*.*" />
    <None Include="Content\**\*.*" />
    <None Include="Content\**\*.*" />
    <None Include="Content\**\*.*" />
    <None Include="Content\**\*.*" />
    <None Include="Content\**\*.*" />
    <None Include="Content\**\*.*" />
    <None Include="Content\**\*.*" />
    <None Include="Content\**\*.*" />
    <None Include="Content\**\*.*" />
    <None Include="Content\**\*.*" />
    <None Include="Content\**\*.*" />
    <None Include="Content\**\*.*" />
    <None Include="Content\**\*.*" />
    <None Include="Content\**\*.*" />
    <None Include="Content\**\*.*" />
    <None Include="Content\**\*.*" />
    <None Include="Content\**\*.*" />
    <None Include="Content\**\*.*" />
    <None Include="Content\**\*.*" />
    <None Include="Content\**\*.*" />
    <None Include="Content\**\*.*" />
    <None Include="Content\**\*.*" />
    <None Include="Content\**\*.*" />
    <None Include="Content\**\*.*" />
    <None Include="Content\**\*.*" />
    <None Include="Content\**\*.*" />
    <None Include="Content\**\*.*" />
    <None Include="Content\**\*.*" />
    <None Include="Content\**\*.*" />
    <None Include="Content\**\*.*" />
    <None Include="Content\**\*.*" />
    <None Include="Content\**\*.*" />
    <None Include="Content\**\*.*" />
    <None Include="Content\**\*.*" />
    <None Include="Content\**\*.*" />
    <None Include="Content\**\*.*" />
    <None Include="Content\**\*.*" />
    <None Include="Content\**\*.*" />
    <None Include="Content\**\*.*" />
    <None Include="Content\**\*.*" />
    <None Include="Content\**\*.*" />
    <None Include="Content\**\*.*" />
    <None Include="Content\**\*.*" />
    <None Include="Content\**\*.*" />
    <None Include="Content\**\*.*" />
    <None Include="Content\**\*.*" />
    <None Include="Content\**\*.*" />
    <None Include="Content\**\*.*" />
    <None Include="Content\**\*.*" />
    <None Include="Content\**\*.*" />
    <None Include="Content\**\*.*" />
    <None Include="Content\**\*.*" />
    <None Include="Content\**\*.*" />
    <None Include="Content\**\*.*" />
    <None Include="Content\**\*.*" />
    <None Include="Content\**\*.*" />
    <None Include="Content\**\*.*" />
    <None Include="Content\**\*.*" />
    <None Include="Content\**\*.*" />
    <None Include="Content\**\*.*" />
    <None Include="Content\**\*.*" />
    <None Include="Content\**\*.*" />
    <None Include="Content\**\*.*" />
    <None Include="Content\**\*.*" />
    <None Include="Content\**\*.*" />
    <None Include="Content\**\*.*" />
    <None Include="Content\**\*.*" />
    <None Include="Content\**\*.*" />
    <None Include="Content\**\*.*" />
    <None Include="Content\**\*.*" />
    <None Include="Content\**\*.*" />
    <None Include="Content\**\*.*" />
    <None Include="Content\**\*.*" />
    <None Include="Content\**\*.*" />
    <None Include="Content\**\*.*" />
    <None Include="Content\**\*.*" />
    <None Include="Content\**\*.*" />
    <None Include="Content\**\*.*" />
    <None Include="Content\**\*.*" />
    <None Include="Content\**\*.*" />
    <None Include="Content\**\*.*" />
    <None Include="Content\**\*.*" />
    <None Include="Content\**\*.*" />
    <None Include="Content\**\*.*" />
    <None Include="Content\**\*.*" />
    <None Include="Content\**\*.*" />
    <None Include="Content\**\*.*" />
    <None Include="Content\**\*.*" />
    <None Include="Content\**\*.*" />
    <None Include="Content\**\*.*" />
    <None Include="Content\**\*.*" />
    <None Include="Content\**\*.*" />
    <None Include="Content\**\*.*" />
    <None Include="Content\**\*.*" />
    <None Include="Content\**\*.*" />
    <None Include="Content\**\*.*" />
    <None Include="Content\**\*.*" />
    <None Include="Content\**\*.*" />
    <None Include="Content\**\*.*" />
    <None Include="Content\**\*.*" />
    <None Include="Content\**\*.*" />
    <None Include="Content\**\*.*" />
    <None Include="Content\**\*.*" />
    <None Include="Content\**\*.*" />
    <None Include="Content\**\*.*" />
    <None Include="Content\**\*.*" />
    <None Include="Content\**\*.*" />
    <None Include="Content\**\*.*" />
    <None Include="Content\**\*.*" />
    <None Include="Content\**\*.*" />
    <None Include="Content\**\*.*" />
    <None Include="Content\**\*.*" />
    <None Include="Content\**\*.*" />
    <None Include="Content\**\*.*" />
    <None Include="Content\**\*.*" />
    <None Include="Content\**\*.*" />
    <None Include="Content\**\*.*" />
    <None Include="Content\**\*.*" />
    <None Include="Content\**\*.*" />
    <None Include="Content\**\*.*" />
    <None Include="Content\**\*.*" />
    <None Include="Content\**\*.*" />
    <None Include="Content\**\*.*" />
    <None Include="Content\**\*.*" />
    <None Include="Content\**\*.*" />
    <None Include="Content\**\*.*" />
    <None Include="Content\**\*.*" />
    <None Include="Content\**\*.*" />
    <None Include="Content\**\*.*" />
    <None Include="Content\**\*.*" />
    <None Include="Content\**\*.*" />
    <None Include="Content\**\*.*" />
    <None Include="Content\**\*.*" />
    <None Include="Content\**\*.*" />
    <None Include="Content\**\*.*" />
    <None Include="Content\**\*.*" />
    <None Include="Content\**\*.*" />
    <None Include="Content\**\*.*" />
    <None Include="Content\**\*.*" />
    <None Include="Content\**\*.*" />
    <None Include="Content\**\*.*" />
    <None Include="Content\**\*.*" />
    <None Include="Content\**\*.*" />
    <None Include="Content\**\*.*" />
    <None Include="Content\**\*.*" />
    <None Include="Content\**\*.*" />
    <None Include="Content\**\*.*" />
    <None Include="Content\**\*.*" />
    <None Include="Content\**\*.*" />
    <None Include="Content\**\*.*" />
    <None Include="Content\**\*.*" />
    <None Include="Content\**\*.*" />
    <None Include="Content\**\*.*" />
    <None Include="Content\**\*.*" />
    <None Include="Content\**\*.*" />
    <None Include="Content\**\*.*" />
    <None Include="Content\**\*.*" />
    <None Include="Content\**\*.*" />
    <None Include="Content\**\*.*" />
    <None Include="Content\**\*.*" />
    <None Include="Content\**\*.*" />
    <None Include="Content\**\*.*" />
    <None Include="Content\**\*.*" />
    <None Include="Content\**\*.*" />
    <None Include="Content\**\*.*" />
    <None Include="Content\**\*.*" />
    <None Include="Content\**\*.*" />
    <None Include="Content\**\*.*" />
    <None Include="Content\**\*.*" />
    <None Include="Content\**\*.*" />
    <None Include="Content\**\*.*" />
    <None Include="Content\**\*.*" />
    <None Include="Content\**\*.*" />
    <None Include="Content\**\*.*" />
    <None Include="Content\**\*.*" />
    <None Include="Content\**\*.*" />
    <None Include="Content\**\*.*" />
    <None Include="Content\**\*.*" />
    <None Include="Content\**\*.*" />
    <None Include="Content\**\*.*" />
    <None Include="Content\**\*.*" />
    <None Include="Content\**\*.*" />
    <None Include="Content\**\*.*" />
    <None Include="Content\**\*.*" />
    <None Include="Content\**\*.*" />
    <None Include="Content\**\*.*" />
    <None Include="Content\**\*.*" />
    <None Include="Content\**\*.*" />
    <None Include="Content\**\*.*" />
    <None Include="Content\**\*.*" />
    <None Include="Content\**\*.*" />
    <None Include="Content\**\*.*" />
    <None Include="Content\**\*.*" />
    <None Include="Content\**\*.*" />
    <None Include="Content\**\*.*" />
    <None Include="Content\**\*.*" />
    <None Include="Content\**\*.*" />
    <None Include="Content\**\*.*" />
    <None Include="Content\**\*.*" />
    <None Include="Content\**\*.*" />
    <None Include="Content\**\*.*" />
    <None Include="Content\**\*.*" />
    <None Include="Content\**\*.*" />
    <None Include="Content\**\*.*" />
    <None Include="Content\**\*.*" />
    <None Include="Content\**\*.*" />
    <None Include="Content\**\*.*" />
    <None Include="Content\**\*.*" />
    <None Include="Content\**\*.*" />
    <None Include="Content\**\*.*" />
    <None Include="Content\**\*.*" />
    <None Include="Content\**\*.*" />
    <None Include="Content\**\*.*" />
    <None Include="Content\**\*.*" />
    <None Include="Content\**\*.*" />
    <None Include="Content\**\*.*" />
    <None Include="Content\**\*.*" />
    <None Include="Content\**\*.*" />
    <None Include="Content\**\*.*" />
    <None Include="Content\**\*.*" />
    <None Include="Content\**\*.*" />
    <None Include="Content\**\*.*" />
    <None Include="Content\**\*.*" />
    <None Include="Content\**\*.*" />
    <None Include="Content\**\*.*" />
    <None Include="Content\**\*.*" />
    <None Include="Content\**\*.*" />
    <None Include="Content\**\*.*" />
    <None Include="Content\**\*.*" />
    <None Include="Content\**\*.*" />
    <None Include="Content\**\*.*" />
    <None Include="Content\**\*.*" />
    <None Include="Content\**\*.*" />
    <None Include="Content\**\*.*" />
    <None Include="Content\**\*.*" />
    <None Include="Content\**\*.*" />
    <None Include="Content\**\*.*" />
    <None Include="Content\**\*.*" />
    <None Include="Content\**\*.*" />
    <None Include="Content\**\*.*" />
    <None Include="Content\**\*.*" />
    <None Include="Content\**\*.*" />
    <None Include="Content\**\*.*" />
    <None Include="Content\**\*.*" />
    <None Include="Content\**\*.*" />
    <None Include="Content\**\*.*" />
    <None Include="Content\**\*.*" />
    <None Include="Content\**\*.*" />
    <None Include="Content\**\*.*" />
    <None Include="Content\**\*.*" />
    <None Include="Content\**\*.*" />
    <None Include="Content\**\*.*" />
    <None Include="Content\**\*.*" />
    <None Include="Content\**\*.*" />
    <None Include="Content\**\*.*" />
    <None Include="Content\**\*.*" />
    <None Include="Content\**\*.*" />
    <None Include="Content\**\*.*" />
    <None Include="Content\**\*.*" />
    <None Include="Content\**\*.*" />
    <None Include="Content\**\*.*" />
    <None Include="Content\**\*.*" />
    <None Include="Content\**\*.*" />
    <None Include="Content\**\*.*" />
    <None Include="Content\**\*.*" />
    <None Include="Content\**\*.*" />
    <None Include="Content\**\*.*" />
    <None Include="Content\**\*.*" />
    <None Include="Content\**\*.*" />
    <None Include="Content\**\*.*" />
    <None Include="Content\**\*.*" />
    <None Include="Content\**\*.*" />
    <None Include="Content\**\*.*" />
    <None Include="Content\**\*.*" />
    <None Include="Content\**\*.*" />
    <None Include="Content\**\*.*" />
    <None Include="Content\**\*.*" />
    <None Include="Content\**\*.*" />
    <None Include="Content\**\*.*" />
    <None Include="Content\**\*.*" />
    <None Include="Content\**\*.*" />
    <None Include="Content\**\*.*" />
    <None Include="Content\**\*.*" />
    <None Include="Content\**\*.*" />
    <None Include="Content\**\*.*" />
    <None Include="Content\**\*.*" />
    <None Include="Content\**\*.*" />
    <None Include="Content\**\*.*" />
    <None Include="Content\**\*.*" />
    <None Include="Content\**\*.*" />
    <None Include="Content\**\*.*" />
    <None Include="Content\**\*.*" />
    <None Include="Content\**\*.*" />
    <None Include="Content\**\*.*" />
    <None Include="Content\**\*.*" />
    <None Include="Content\**\*.*" />
    <None Include="Content\**\*.*" />
    <None Include="Content\**\*.*" />
    <None Include="Content\**\*.*" />
    <None Include="Content\**\*.*" />
    <None Include="Content\**\*.*" />
    <None Include="Content\**\*.*" />
    <None Include="Content\**\*.*" />
    <None Include="Content\**\*.*" />
    <None Include="Content\**\*.*" />
    <None Include="Content\**\*.*" />
    <None Include="Content\**\*.*" />
    <None Include="Content\**\*.*" />
    <None Include="Content\**\*.*" />
    <None Include="Content\**\*.*" />
    <None Include="Content\**\*.*" />
    <None Include="Content\**\*.*" />
    <None Include="Content\**\*.*" />
    <None Include="Content\**\*.*" />
    <None Include="Content\**\*.*" />
    <None Include="Content\**\*.*" />
    <None Include="Content\**\*.*" />
    <None Include="Content\**\*.*" />
    <None Include="Content\**\*.*" />
    <None Include="Content\**\*.*" />
    <None Include="Content\**\*.*" />
    <None Include="Content\**\*.*" />
    <None Include="Content\**\*.*" />
    <None Include="Content\**\*.*" />
    <None Include="Content\**\*.*" />
    <None Include="Content\**\*.*" />
    <None Include="Content\**\*.*" />
    <None Include="Content\**\*.*" />
    <None Include="Content\**\*.*" />
    <None Include="Content\**\*.*" />
    <None Include="Content\**\*.*" />
    <None Include="Content\**\*.*" />
    <None Include="Content\**\*.*" />
    <None Include="Content\**\*.*" />
    <None Include="Content\**\*.*" />
    <None Include="Content\**\*.*" />
    <None Include="Content\**\*.*" />
    <None Include="Content\**\*.*" />
    <None Include="Content\**\*.*" />
    <None Include="Content\**\*.*" />
    <None Include="Content\**\*.*" />
    <None Include="Content\**\*.*" />
    <None Include="Content\**\*.*" />
    <None Include="Content\**\*.*" />
    <None Include="Content\**\*.*" />
    <None Include="Content\**\*.*" />
    <None Include="Content\**\*.*" />
    <None Include="Content\**\*.*" />
    <None Include="Content\**\*.*" />
    <None Include="Content\**\*.*" />
    <None Include="Content\**\*.*" />
    <None Include="Content\**\*.*" />
    <None Include="Content\**\*.*" />
    <None Include="Content\**\*.*" />
    <None Include="Content\**\*.*" />
    <None Include="Content\**\*.*" />
    <None Include="Content\**\*.*" />
    <None Include="Content\**\*.*" />
    <None Include="Content\**\*.*" />
    <None Include="Content\**\*.*" />
    <None Include="Content\**\*.*" />
    <None Include="Content\**\*.*" />
    <None Include="Content\**\*.*" />
    <None Include="Content\**\*.*" />
    <None Include="Content\**\*.*" />
    <None Include="Content\**\*.*" />
    <None Include="Content\**\*.*" />
    <None Include="Content\**\*.*" />
    <None Include="Content\**\*.*" />
    <None Include="Content\**\*.*" />
    <None Include="Content\**\*.*" />
    <None Include="Content\**\*.*" />
    <None Include="Content\**\*.*" />
    <None Include="Content\**\*.*" />
    <None Include="Content\**\*.*" />
    <None Include="Content\**\*.*" />
    <None Include="Content\**\*.*" />
    <None Include="Content\**\*.*" />
    <None Include="Content\**\*.*" />
    <None Include="Content\**\*.*" />
    <None Include="Content\**\*.*" />
    <None Include="Content\**\*.*" />
    <None Include="Content\**\*.*" />
    <None Include="Content\**\*.*" />
    <None Include="Content\**\*.*" />
    <None Include="Content\**\*.*" />
    <None Include="Content\**\*.*" />
    <None Include="Content\**\*.*" />
    <None Include="Content\**\*.*" />
    <None Include="Content\**\*.*" />
    <None Include="Content\**\*.*" />
    <None Include="Content\**\*.*" />
    <None Include="Content\**\*.*" />
    <None Include="Content\**\*.*" />
    <None Include="Content\**\*.*" />
    <None Include="Content\**\*.*" />
    <None Include="Content\**\*.*" />
    <None Include="Content\**\*.*" />
    <None Include="Content\**\*.*" />
    <None Include="Content\**\*.*" />
    <None Include="Content\**\*.*" />
    <None Include="Content\**\*.*" />
    <None Include="Content\**\*.*" />
    <None Include="Content\**\*.*" />
    <None Include="Content\**\*.*" />
    <None Include="Content\**\*.*" />
    <None Include="Content\**\*.*" />
    <None Include="Content\**\*.*" />
    <None Include="Content\**\*.*" />
    <None Include="Content\**\*.*" />
    <None Include="Content\**\*.*" />
    <None Include="Content\**\*.*" />
    <None Include="Content\**\*.*" />
    <None Include="Content\**\*.*" />
    <None Include="Content\**\*.*" />
    <None Include="Content\**\*.*" />
    <None Include="Content\**\*.*" />
    <None Include="Content\**\*.*" />
    <None Include="Content\**\*.*" />
    <None Include="Content\**\*.*" />
    <None Include="Content\**\*.*" />
    <None Include="Content\**\*.*" />
    <None Include="Content\**\*.*" />
    <None Include="Content\**\*.*" />
    <None Include="Content\**\*.*" />
    <None Include="Content\**\*.*" />
    <None Include="Content\**\*.*" />
    <None Include="Content\**\*.*" />
    <None Include="Content\**\*.*" />
    <None Include="Content\**\*.*" />
    <None Include="Content\**\*.*" />
    <None Include="Content\**\*.*" />
    <None Include="Content\**\*.*" />
    <None Include="Content\**\*.*" />
    <None Include="Content\**\*.*" />
    <None Include="Content\**\*.*" />
    <None Include="Content\**\*.*" />
    <None Include="Content\**\*.*" />
    <None Include="Content\**\*.*" />
    <None Include="Content\**\*.*" />
    <None Include="Content\**\*.*" />
    <None Include="Content\**\*.*" />
    <None Include="Content\**\*.*" />
    <None Include="Content\**\*.*" />
    <None Include="Content\**\*.*" />
    <None Include="Content\**\*.*" />
    <None Include="Content\**\*.*" />
    <None Include="Content\**\*.*" />
    <None Include="Content\**\*.*" />
    <None Include="Content\**\*.*" />
    <None Include="Content\**\*.*" />
    <None Include="Content\**\*.*" />
    <None Include="Content\**\*.*" />
    <None Include="Content\**\*.*" />
    <None Include="Content\**\*.*" />
    <None Include="Content\**\*.*" />
    <None Include="Content\**\*.*" />
    <None Include="Content\**\*.*" />
    <None Include="Content\**\*.*" />
    <None Include="Content\**\*.*" />
    <None Include="Content\**\*.*" />
    <None Include="Content\**\*.*" />
    <None Include="Content\**\*.*" />
    <None Include="Content\**\*.*" />
    <None Include="Content\**\*.*" />
    <None Include="Content\**\*.*" />
    <None Include="Content\**\*.*" />
    <None Include="Content\**\*.*" />
    <None Include="Content\**\*.*" />
    <None Include="Content\**\*.*" />
    <None Include="Content\**\*.*" />
    <None Include="Content\**\*.*" />
    <None Include="Content\**\*.*" />
    <None Include="Content\**\*.*" />
    <None Include="Content\**\*.*" />
    <None Include="Content\**\*.*" />
    <None Include="Content\**\*.*" />
    <None Include="Content\**\*.*" />
    <None Include="Content\**\*.*" />
    <None Include="Content\**\*.*" />
    <None Include="Content\**\*.*" />
    <None Include="Content\**\*.*" />
    <None Include="Content\**\*.*" />
    <None Include="Content\**\*.*" />
    <None Include="Content\**\*.*" />
    <None Include="Content\**\*.*" />
    <None Include="Content\**\*.*" />
    <None Include="Content\**\*.*" />
    <None Include="Content\**\*.*" />
    <None Include="Content\**\*.*" />
    <None Include="Content\**\*.*" />
    <None Include="Content\**\*.*" />
    <None Include="Content\**\*.*" />
    <None Include="Content\**\*.*" />
    <None Include="Content\**\*.*" />
    <None Include="Content\**\*.*" />
    <None Include="Content\**\*.*" />
    <None Include="Content\**\*.*" />
    <None Include="Content\**\*.*" />
    <None Include="Content\**\*.*" />
    <None Include="Content\**\*.*" />
    <None Include="Content\**\*.*" />
    <None Include="Content\**\*.*" />
    <None Include="Content\**\*.*" />
    <None Include="Content\**\*.*" />
    <None Include="Content\**\*.*" />
    <None Include="Content\**\*.*" />
    <None Include="Content\**\*.*" />
    <None Include="Content\**\*.*" />
    <None Include="Content\**\*.*" />
    <None Include="Content\**\*.*" />
    <None Include="Content\**\*.*" />
    <None Include="Content\**\*.*" />
    <None Include="Content\**\*.*" />
    <None Include="Content\**\*.*" />
    <None Include="Content\**\*.*" />
    <None Include="Content\**\*.*" />
    <None Include="Content\**\*.*" />
    <None Include="Content\**\*.*" />
    <None Include="Content\**\*.*" />
    <None Include="Content\**\*.*" />
    <None Include="Content\**\*.*" />
    <None Include="Content\**\*.*" />
    <None Include="Content\**\*.*" />
    <None Include="Content\**\*.*" />
    <None Include="Content\**\*.*" />
    <None Include="Content\**\*.*" />
    <None Include="Content\**\*.*" />
    <None Include="Content\**\*.*" />
    <None Include="Content\**\*.*" />
    <None Include="Content\**\*.*" />
    <None Include="Content\**\*.*" />
    <None Include="Content\**\*.*" />
    <None Include="Content\**\*.*" />
    <None Include="Content\**\*.*" />
    <None Include="Content\**\*.*" />
    <None Include="Content\**\*.*" />
    <None Include="Content\**\*.*" />
    <None Include="Content\**\*.*" />
    <None Include="Content\**\*.*" />
    <None Include="Content\**\*.*" />
    <None Include="Content\**\*.*" />
    <None Include="Content\**\*.*" />
    <None Include="Content\**\*.*" />
    <None Include="Content\**\*.*" />
    <None Include="Content\**\*.*" />
    <None Include="Content\**\*.*" />
    <None Include="Content\**\*.*" />
    <None Include="Content\**\*.*" />
    <None Include="Content\**\*.*" />
    <None Include="Content\**\*.*" />
    <None Include="Content\**\*.*" />
    <None Include="Content\**\*.*" />
    <None Include="Content\**\*.*" />
    <None Include="Content\**\*.*" />
    <None Include="Content\**\*.*" />
    <None Include="Content\**\*.*" />
    <None Include="Content\**\*.*" />
    <None Include="Content\**\*.*" />
    <None Include="Content\**\*.*" />
    <None Include="Content\**\*.*" />
    <None Include="Content\**\*.*" />
    <None Include="Content\**\*.*" />
    <None Include="Content\**\*.*" />
    <None Include="Content\**\*.*" />
    <None Include="Content\**\*.*" />
    <None Include="Content\**\*.*" />
    <None Include="Content\**\*.*" />
    <None Include="Content\**\*.*" />
    <None Include="Content\**\*.*" />
    <None Include="Content\**\*.*" />
    <None Include="Content\**\*.*" />
    <None Include="Content\**\*.*" />
    <None Include="Content\**\*.*" />
    <None Include="Content\**\*.*" />
    <None Include="Content\**\*.*" />
    <None Include="Content\**\*.*" />
    <None Include="Content\**\*.*" />
    <None Include="Content\**\*.*" />
    <None Include="Content\**\*.*" />
    <None Include="Content\**\*.*" />
    <None Include="Content\**\*.*" />
    <None Include="Content\**\*.*" />
    <None Include="Content\**\*.*" />
    <None Include="Content\**\*.*" />
    <None Include="Content\**\*.*" />
    <None Include="Content\**\*.*" />
    <None Include="Content\**\*.*" />
    <None Include="Content\**\*.*" />
    <None Include="Content\**\*.*" />
    <None Include="Content\**\*.*" />
    <None Include="Content\**\*.*" />
    <None Include="Content\**\*.*" />
    <None Include="Content\**\*.*" />
    <None Include="Content\**\*.*" />
    <None Include="Content\**\*.*" />
    <None Include="Content\**\*.*" />
    <None Include="Content\**\*.*" />
    <None Include="Content\**\*.*" />
    <None Include="Content\**\*.*" />
    <None Include="Content\**\*.*" />
    <None Include="Content\**\*.*" />
    <None Include="Content\**\*.*" />
    <None Include="Content\**\*.*" />
    <None Include="Content\**\*.*" />
    <None Include="Content\**\*.*" />
    <None Include="Content\**\*.*" />
    <None Include="Content\**\*.*" />
    <None Include="Content\**\*.*" />
    <None Include="Content\**\*.*" />
    <None Include="Content\**\*.*" />
    <None Include="Content\**\*.*" />
    <None Include="Content\**\*.*" />
    <None Include="Content\**\*.*" />
    <None Include="Content\**\*.*" />
    <None Include="Content\**\*.*" />
    <None Include="Content\**\*.*" />
    <None Include="Content\**\*.*" />
    <None Include="Content\**\*.*" />
    <None Include="Content\**\*.*" />
    <None Include="Content\**\*.*" />
    <None Include="Content\**\*.*" />
    <None Include="Content\**\*.*" />
    <None Include="Content\**\*.*" />
    <None Include="Content\**\*.*" />
    <None Include="Content\**\*.*" />
    <None Include="Content\**\*.*" />
    <None Include="Content\**\*.*" />
    <None Include="Content\**\*.*" />
    <None Include="Content\**\*.*" />
    <None Include="Content\**\*.*" />
    <None Include="Content\**\*.*" />
    <None Include="Content\**\*.*" />
    <None Include="Content\**\*.*" />
    <None Include="Content\**\*.*" />
    <None Include="Content\**\*.*" />
    <None Include="Content\**\*.*" />
    <None Include="Content\**\*.*" />
    <None Include="Content\**\*.*" />
    <None Include="Content\**\*.*" />
    <None Include="Content\**\*.*" />
    <None Include="Content\**\*.*" />
    <None Include="Content\**\*.*" />
    <None Include="Content\**\*.*" />
    <None Include="Content\**\*.*" />
    <None Include="Content\**\*.*" />
    <None Include="Content\**\*.*" />
    <None Include="Content\**\*.*" />
    <None Include="Content\**\*.*" />
    <None Include="Content\**\*.*" />
    <None Include="Content\**\*.*" />
    <None Include="Content\**\*.*" />
    <None Include="Content\**\*.*" />
    <None Include="Content\**\*.*" />
    <None Include="Content\**\*.*" />
    <None Include="Content\**\*.*" />
    <None Include="Content\**\*.*" />
    <None Include="Content\**\*.*" />
    <None Include="Content\**\*.*" />
    <None Include="Content\**\*.*" />
    <None Include="Content\**\*.*" />
    <None Include="Content\**\*.*" />
    <None Include="Content\**\*.*" />
    <None Include="Content\**\*.*" />
    <None Include="Content\**\*.*" />
    <None Include="Content\**\*.*" />
    <None Include="Content\**\*.*" />
    <None Include="Content\**\*.*" />
    <None Include="Content\**\*.*" />
    <None Include="Content\**\*.*" />
    <None Include="Content\**\*.*" />
    <None Include="Content\**\*.*" />
    <None Include="Content\**\*.*" />
    <None Include="Content\**\*.*" />
    <None Include="Content\**\*.*" />
    <None Include="Content\**\*.*" />
    <None Include="Content\**\*.*" />
    <None Include="Content\**\*.*" />
    <None Include="Content\**\*.*" />
    <None Include="Content\**\*.*" />
    <None Include="Content\**\*.*" />
    <None Include="Content\**\*.*" />
    <None Include="Content\**\*.*" />
    <None Include="Content\**\*.*" />
    <None Include="Content\**\*.*" />
    <None Include="Content\**\*.*" />
    <None Include="Content\**\*.*" />
    <None Include="Content\**\*.*" />
    <None Include="Content\**\*.*" />
    <None Include="Content\**\*.*" />
    <None Include="Content\**\*.*" />
    <None Include="Content\**\*.*" />
    <None Include="Content\**\*.*" />
    <None Include="Content\**\*.*" />
    <None Include="Content\**\*.*" />
    <None Include="Content\**\*.*" />
    <None Include="Content\**\*.*" />
    <None Include="Content\**\*.*" />
    <None Include="Content\**\*.*" />
    <None Include="Content\**\*.*" />
    <None Include="Content\**\*.*" />
    <None Include="Content\**\*.*" />
    <None Include="Content\**\*.*" />
    <None Include="Content\**\*.*" />
    <None Include="Content\**\*.*" />
    <None Include="Content\**\*.*" />
    <None Include="Content\**\*.*" />
    <None Include="Content\**\*.*" />
    <None Include="Content\**\*.*" />
    <None Include="Content\**\*.*" />
    <None Include="Content\**\*.*" />
    <None Include="Content\**\*.*" />
    <None Include="Content\**\*.*" />
    <None Include="Content\**\*.*" />
    <None Include="Content\**\*.*" />
    <None Include="Content\**\*.*" />
    <None Include="Content\**\*.*" />
    <None Include="Content\**\*.*" />
    <None Include="Content\**\*.*" />
    <None Include="Content\**\*.*" />
    <None Include="Content\**\*.*" />
    <None Include="Content\**\*.*" />
    <None Include="Content\**\*.*" />
    <None Include="Content\**\*.*" />
    <None Include="Content\**\*.*" />
    <None Include="Content\**\*.*" />
    <None Include="Content\**\*.*" />
    <None Include="Content\**\*.*" />
    <None Include="Content\**\*.*" />
    <None Include="Content\**\*.*" />
    <None Include="Content\**\*.*" />
    <None Include="Content\**\*.*" />
    <None Include="Content\**\*.*" />
    <None Include="Content\**\*.*" />
    <None Include="Content\**\*.*" />
    <None Include="Content\**\*.*" />
    <None Include="Content\**\*.*" />
    <None Include="Content\**\*.*" />
    <None Include="Content\**\*.*" />
    <None Include="Content\**\*.*" />
    <None Include="Content\**\*.*" />
    <None Include="Content\**\*.*" />
    <None Include="Content\**\*.*" />
    <None Include="Content\**\*.*" />
    <None Include="Content\**\*.*" />
    <None Include="Content\**\*.*" />
    <None Include="Content\**\*.*" />
    <None Include="Content\**\*.*" />
    <None Include="Content\**\*.*" />
    <None Include="Content\**\*.*" />
    <None Include="Content\**\*.*" />
    <None Include="Content\**\*.*" />
    <None Include="Content\**\*.*" />
    <None Include="Content\**\*.*" />
    <None Include="Content\**\*.*" />
    <None Include="Content\**\*.*" />
    <None Include="Content\**\*.*" />
    <None Include="Content\**\*.*" />
    <None Include="Content\**\*.*" />
    <None Include="Content\**\*.*" />
    <None Include="Content\**\*.*" />
    <None Include="Content\**\*.*" />
    <None Include="Content\**\*.*" />
    <None Include="Content\**\*.*" />
    <None Include="Content\**\*.*" />
    <None Include="Content\**\*.*" />
    <None Include="Content\**\*.*" />
    <None Include="Content\**\*.*" />
    <None Include="Content\**\*.*" />
    <None Include="Content\**\*.*" />
    <None Include="Content\**\*.*" />
    <None Include="Content\**\*.*" />
    <None Include="Content\**\*.*" />
    <None Include="Content\**\*.*" />
    <None Include="Content\**\*.*" />
    <None Include="Content\**\*.*" />
    <None Include="Content\**\*.*" />
    <None Include="Content\**\*.*" />
    <None Include="Content\**\*.*" />
    <None Include="Content\**\*.*" />
    <None Include="Content\**\*.*" />
    <None Include="Content\**\*.*" />
    <None Include="Content\**\*.*" />
    <None Include="Content\**\*.*" />
    <None Include="Content\**\*.*" />
    <None Include="Content\**\*.*" />
    <None Include="Content\**\*.*" />
    <None Include="Content\**\*.*" />
    <None Include="Content\**\*.*" />
    <None Include="Content\**\*.*" />
    <None Include="Content\**\*.*" />
    <None Include="Content\**\*.*" />
    <None Include="Content\**\*.*" />
    <None Include="Content\**\*.*" />
    <None Include="Content\**\*.*" />
    <None Include="Content\**\*.*" />
    <None Include="Content\**\*.*" />
    <None Include="Content\**\*.*" />
    <None Include="Content\**\*.*" />
    <None Include="Content\**\*.*" />
    <None Include="Content\**\*.*" />
    <None Include="Content\**\*.*" />
    <None Include="Content\**\*.*" />
    <None Include="Content\**\*.*" />
    <None Include="Content\**\*.*" />
    <None Include="Content\**\*.*" />
    <None Include="Content\**\*.*" />
    <None Include="Content\**\*.*" />
    <None Include="Content\**\*.*" />
    <None Include="Content\**\*.*" />
    <None Include="Content\**\*.*" />
    <None Include="Content\**\*.*" />
    <None Include="Content\**\*.*" />
    <None Include="Content\**\*.*" />
    <None Include="Content\**\*.*" />
    <None Include="Content\**\*.*" />
    <None Include="Content\**\*.*" />
    <None Include="Content\**\*.*" />
    <None Include="Content\**\*.*" />
    <None Include="Content\**\*.*" />
    <None Include="Content\**\*.*" />
    <None Include="Content\**\*.*" />
    <None Include="Content\**\*.*" />
    <None Include="Content\**\*.*" />
    <None Include="Content\**\*.*" />
    <None Include="Content\**\*.*" />
    <None Include="Content\**\*.*" />
    <None Include="Content\**\*.*" />
    <None Include="Content\**\*.*" />
    <None Include="Content\**\*.*" />
    <None Include="Content\**\*.*" />
    <None Include="Content\**\*.*" />
    <None Include="Content\**\*.*" />
    <None Include="Content\**\*.*" />
    <None Include="Content\**\*.*" />
    <None Include="Content\**\*.*" />
    <None Include="Content\**\*.*" />
    <None Include="Content\**\*.*" />
    <None Include="Content\**\*.*" />
    <None Include="Content\**\*.*" />
    <None Include="Content\**\*.*" />
    <None Include="Content\**\*.*" />
    <None Include="Content\**\*.*" />
    <None Include="Content\**\*.*" />
    <None Include="Content\**\*.*" />
    <None Include="Content\**\*.*" />
    <None Include="Content\**\*.*" />
    <None Include="Content\**\*.*" />
    <None Include="Content\**\*.*" />
    <None Include="Content\**\*.*" />
    <None Include="Content\**\*.*" />
    <None Include="Content\**\*.*" />
    <None Include="Content\**\*.*" />
    <None Include="Content\**\*.*" />
    <None Include="Content\**\*.*" />
    <None Include="Content\**\*.*" />
    <None Include="Content\**\*.*" />
    <None Include="Content\**\*.*" />
    <None Include="Content\**\*.*" />
    <None Include="Content\**\*.*" />
    <None Include="Content\**\*.*" />
    <None Include="Content\**\*.*" />
    <None Include="Content\**\*.*" />
    <None Include="Content\**\*.*" />
    <None Include="Content\**\*.*" />
    <None Include="Content\**\*.*" />
    <None Include="Content\**\*.*" />
    <None Include="Content\**\*.*" />
    <None Include="Content\**\*.*" />
    <None Include="Content\**\*.*" />
    <None Include="Content\**\*.*" />
    <None Include="Content\**\*.*" />
    <None Include="Content\**\*.*" />
    <None Include="Content\**\*.*" />
    <None Include="Content\**\*.*" />
    <None Include="Content\**\*.*" />
    <None Include="Content\**\*.*" />
    <None Include="Content\**\*.*" />
    <None Include="Content\**\*.*" />
    <None Include="Content\**\*.*" />
    <None Include="Content\**\*.*" />
    <None Include="Content\**\*.*" />
    <None Include="Content\**\*.*" />
    <None Include="Content\**\*.*" />
    <None Include="Content\**\*.*" />
    <None Include="Content\**\*.*" />
    <None Include="Content\**\*.*" />
    <None Include="Content\**\*.*" />
    <None Include="Content\**\*.*" />
    <None Include="Content\**\*.*" />
    <None Include="Content\**\*.*" />
    <None Include="Content\**\*.*" />
    <None Include="Content\**\*.*" />
    <None Include="Content\**\*.*" />
    <None Include="Content\**\*.*" />
    <None Include="Content\**\*.*" />
    <None Include="Content\**\*.*" />
    <None Include="Content\**\*.*" />
    <None Include="Content\**\*.*" />
    <None Include="Content\**\*.*" />
    <None Include="Content\**\*.*" />
    <None Include="Content\**\*.*" />
    <None Include="Content\**\*.*" />
    <None Include="Content\**\*.*" />
    <None Include="Content\**\*.*" />
    <None Include="Content\**\*.*" />
    <None Include="Content\**\*.*" />
    <None Include="Content\**\*.*" />
    <None Include="Content\**\*.*" />
    <None Include="Content\**\*.*" />
    <None Include="Content\**\*.*" />
    <None Include="Content\**\*.*" />
    <None Include="Content\**\*.*" />
    <None Include="Content\**\*.*" />
    <None Include="Content\**\*.*" />
    <None Include="Content\**\*.*" />
    <None Include="Content\**\*.*" />
    <None Include="Content\**\*.*" />
    <None Include="Content\**\*.*" />
    <None Include="Content\**\*.*" />
    <None Include="Content\**\*.*" />
    <None Include="Content\**\*.*" />
    <None Include="Content\**\*.*" />
    <None Include="Content\**\*.*" />
    <None Include="Content\**\*.*" />
    <None Include="Content\**\*.*" />
    <None Include="Content\**\*.*" />
    <None Include="Content\**\*.*" />
    <None Include="Content\**\*.*" />
    <None Include="Content\**\*.*" />
    <None Include="Content\**\*.*" />
    <None Include="Content\**\*.*" />
    <None Include="Content\**\*.*" />
    <None Include="Content\**\*.*" />
    <None Include="Content\**\*.*" />
    <None Include="Content\**\*.*" />
    <None Include="Content\**\*.*" />
    <None Include="Content\**\*.*" />
    <None Include="Content\**\*.*" />
    <None Include="Content\**\*.*" />
    <None Include="Content\**\*.*" />
    <None Include="Content\**\*.*" />
    <None Include="Content\**\*.*" />
    <None Include="Content\**\*.*" />
    <None Include="Content\**\*.*" />
    <None Include="Content\**\*.*" />
    <None Include="Content\**\*.*" />
    <None Include="Content\**\*.*" />
    <None Include="Content\**\*.*" />
    <None Include="Content\**\*.*" />
    <None Include="Content\**\*.*" />
    <None Include="Content\**\*.*" />
    <None Include="Content\**\*.*" />
    <None Include="Content\**\*.*" />
    <None Include="Content\**\*.*" />
    <None Include="Content\**\*.*" />
    <None Include="Content\**\*.*" />
    <None Include="Content\**\*.*" />
    <None Include="Content\**\*.*" />
    <None Include="Content\**\*.*" />
    <None Include="Content\**\*.*" />
    <None Include="Content\**\*.*" />
    <None Include="Content\**\*.*" />
    <None Include="Content\**\*.*" />
    <None Include="Content\**\*.*" />
    <None Include="Content\**\*.*" />
    <None Include="Content\**\*.*" />
    <None Include="Content\**\*.*" />
    <None Include="Content\**\*.*" />
    <None Include="Content\**\*.*" />
    <None Include="Content\**\*.*" />
    <None Include="Content\**\*.*" />
    <None Include="Content\**\*.*" />
    <None Include="Content\**\*.*" />
    <None Include="Content\**\*.*" />
    <None Include="Content\**\*.*" />
    <None Include="Content\**\*.*" />
    <None Include="Content\**\*.*" />
    <None Include="Content\**\*.*" />
    <None Include="Content\**\*.*" />
    <None Include="Content\**\*.*" />
    <None Include="Content\**\*.*" />
    <None Include="Content\**\*.*" />
    <None Include="Content\**\*.*" />
    <None Include="Content\**\*.*" />
    <None Include="Content\**\*.*" />
    <None Include="Content\**\*.*" />
    <None Include="Content\**\*.*" />
    <None Include="Content\**\*.*" />
    <None Include="Content\**\*.*" />
    <None Include="Content\**\*.*" />
    <None Include="Content\**\*.*" />
    <None Include="Content\**\*.*" />
    <None Include="Content\**\*.*" />
    <None Include="Content\**\*.*" />
    <None Include="Content\**\*.*" />
    <None Include="Content\**\*.*" />
    <None Include="Content\**\*.*" />
    <None Include="Content\**\*.*" />
    <None Include="Content\**\*.*" />
    <None Include="Content\**\*.*" />
    <None Include="Content\**\*.*" />
    <None Include="Content\**\*.*" />
    <None Include="Content\**\*.*" />
    <None Include="Content\**\*.*" />
    <None Include="Content\**\*.*" />
    <None Include="Content\**\*.*" />
    <None Include="Content\**\*.*" />
    <None Include="Content\**\*.*" />
    <None Include="Content\**\*.*" />
    <None Include="Content\**\*.*" />
    <None Include="Content\**\*.*" />
    <None Include="Content\**\*.*" />
    <None Include="Content\**\*.*" />
    <None Include="Content\**\*.*" />
    <None Include="Content\**\*.*" />
    <None Include="Content\**\*.*" />
    <None Include="Content\**\*.*" />
    <None Include="Content\**\*.*" />
    <None Include="Content\**\*.*" />
    <None Include="Content\**\*.*" />
    <None Include="Content\**\*.*" />
    <None Include="Content\**\*.*" />
    <None Include="Content\**\*.*" />
    <None Include="Content\**\*.*" />
    <None Include="Content\**\*.*" />
    <None Include="Content\**\*.*" />
    <None Include="Content\**\*.*" />
    <None Include="Content\**\*.*" />
    <None Include="Content\**\*.*" />
    <None Include="Content\**\*.*" />
    <None Include="Content\**\*.*" />
    <None Include="Content\**\*.*" />
    <None Include="Content\**\*.*" />
    <None Include="Content\**\*.*" />
    <None Include="Content\**\*.*" />
    <None Include="Content\**\*.*" />
    <None Include="Content\**\*.*" />
    <None Include="Content\**\*.*" />
    <None Include="Content\**\*.*" />
    <None Include="Content\**\*.*" />
    <None Include="Content\**\*.*" />
    <None Include="Content\**\*.*" />
    <None Include="Content\**\*.*" />
    <None Include="Content\**\*.*" />
    <None Include="Content\**\*.*" />
    <None Include="Content\**\*.*" />
    <None Include="Content\**\*.*" />
    <None Include="Content\**\*.*" />
    <None Include="Content\**\*.*" />
    <None Include="Content\**\*.*" />
    <None Include="Content\**\*.*" />
    <None Include="Content\**\*.*" />
    <None Include="Content\**\*.*" />
    <None Include="Content\**\*.*" />
    <None Include="Content\**\*.*" />
    <None Include="Content\**\*.*" />
    <None Include="Content\**\*.*" />
    <None Include="Content\**\*.*" />
    <None Include="Content\**\*.*" />
    <None Include="Content\**\*.*" />
    <None Include="Content\**\*.*" />
    <None Include="Content\**\*.*" />
    <None Include="Content\**\*.*" />
    <None Include="Content\**\*.*" />
    <None Include="Content\**\*.*" />
    <None Include="Content\**\*.*" />
    <None Include="Content\**\*.*" />
    <None Include="Content\**\*.*" />
    <None Include="Content\**\*.*" />
    <None Include="Content\**\*.*" />
    <None Include="Content\**\*.*" />
    <None Include="Content\**\*.*" />
    <None Include="Content\**\*.*" />
    <None Include="Content\**\*.*" />
    <None Include="Content\**\*.*" />
    <None Include="Content\**\*.*" />
    <None Include="Content\**\*.*" />
    <None Include="Content\**\*.*" />
    <None Include="Content\**\*.*" />
    <None Include="Content\**\*.*" />
    <None Include="Content\**\*.*" />
    <None Include="Content\**\*.*" />
    <None Include="Content\**\*.*" />
    <None Include="Content\**\*.*" />
    <None Include="Content\**\*.*" />
    <None Include="Content\**\*.*" />
    <None Include="Content\**\*.*" />
    <None Include="Content\**\*.*" />
    <None Include="Content\**\*.*" />
    <None Include="Content\**\*.*" />
    <None Include="Content\**\*.*" />
    <None Include="Content\**\*.*" />
    <None Include="Content\**\*.*" />
    <None Include="Content\**\*.*" />
    <None Include="Content\**\*.*" />
    <None Include="Content\**\*.*" />
    <None Include="Content\**\*.*" />
    <None Include="Content\**\*.*" />
    <None Include="Content\**\*.*" />
    <None Include="Content\**\*.*" />
    <None Include="Content\**\*.*" />
    <None Include="Content\**\*.*" />
    <None Include="Content\**\*.*" />
    <None Include="Content\**\*.*" />
    <None Include="Content\**\*.*" />
    <None Include="Content\**\*.*" />
    <None Include="Content\**\*.*" />
    <None Include="Content\**\*.*" />
    <None Include="Content\**\*.*" />
    <None Include="Content\**\*.*" />
    <None Include="Content\**\*.*" />
    <None Include="Content\**\*.*" />
    <None Include="Content\**\*.*" />
    <None Include="Content\**\*.*" />
    <None Include="Content\**\*.*" />
    <None Include="Content\**\*.*" />
    <None Include="Content\**\*.*" />
    <None Include="Content\**\*.*" />
    <None Include="Content\**\*.*" />
    <None Include="Content\**\*.*" />
    <None Include="Content\**\*.*" />
    <None Include="Content\**\*.*" />
    <None Include="Content\**\*.*" />
    <None Include="Content\**\*.*" />
    <None Include="Content\**\*.*" />
    <None Include="Content\**\*.*" />
    <None Include="Content\**\*.*" />
  </ItemGroup>
</Project>